
Microsoft Visual Studio Solution File, Format Version 12.00
Project("{FAE04EC0-301F-11D3-BF4B-00C04F79EFBC}") = "Cli", "Cli\Cli.csproj", "{1FB509CF-B126-4197-8885-5D335CACD5CE}"
EndProject
Project("{FAE04EC0-301F-11D3-BF4B-00C04F79EFBC}") = "Benchmark", "Benchmark\Benchmark.csproj", "{B150853D-EE3C-4F21-BBCE-48BC560FCB5D}"
EndProject
Project("{FAE04EC0-301F-11D3-BF4B-00C04F79EFBC}") = "Shared", "Shared\Shared.csproj", "{98247FD0-22D2-4E20-AE0D-8DBF4C2388BA}"
EndProject
Global
	GlobalSection(SolutionConfigurationPlatforms) = preSolution
		Debug|Any CPU = Debug|Any CPU
		Release|Any CPU = Release|Any CPU
	EndGlobalSection
	GlobalSection(ProjectConfigurationPlatforms) = postSolution
		{1FB509CF-B126-4197-8885-5D335CACD5CE}.Debug|Any CPU.ActiveCfg = Debug|Any CPU
		{1FB509CF-B126-4197-8885-5D335CACD5CE}.Debug|Any CPU.Build.0 = Debug|Any CPU
		{1FB509CF-B126-4197-8885-5D335CACD5CE}.Release|Any CPU.ActiveCfg = Release|Any CPU
		{1FB509CF-B126-4197-8885-5D335CACD5CE}.Release|Any CPU.Build.0 = Release|Any CPU
		{B150853D-EE3C-4F21-BBCE-48BC560FCB5D}.Debug|Any CPU.ActiveCfg = Debug|Any CPU
		{B150853D-EE3C-4F21-BBCE-48BC560FCB5D}.Debug|Any CPU.Build.0 = Debug|Any CPU
		{B150853D-EE3C-4F21-BBCE-48BC560FCB5D}.Release|Any CPU.ActiveCfg = Release|Any CPU
		{B150853D-EE3C-4F21-BBCE-48BC560FCB5D}.Release|Any CPU.Build.0 = Release|Any CPU
		{98247FD0-22D2-4E20-AE0D-8DBF4C2388BA}.Debug|Any CPU.ActiveCfg = Debug|Any CPU
		{98247FD0-22D2-4E20-AE0D-8DBF4C2388BA}.Debug|Any CPU.Build.0 = Debug|Any CPU
		{98247FD0-22D2-4E20-AE0D-8DBF4C2388BA}.Release|Any CPU.ActiveCfg = Release|Any CPU
		{98247FD0-22D2-4E20-AE0D-8DBF4C2388BA}.Release|Any CPU.Build.0 = Release|Any CPU
	EndGlobalSection
EndGlobal
